
Microsoft Visual Studio Solution File, Format Version 12.00
# Visual Studio Version 16
VisualStudioVersion = 16.0.29920.165
MinimumVisualStudioVersion = 10.0.40219.1
Project("{FAE04EC0-301F-11D3-BF4B-00C04F79EFBC}") = "zadanie 4.8", "zadanie 4.8.csproj", "{50396308-F1AA-41A5-A871-916EA3865555}"
EndProject
Global
	GlobalSection(SolutionConfigurationPlatforms) = preSolution
		Debug|Any CPU = Debug|Any CPU
		Release|Any CPU = Release|Any CPU
	EndGlobalSection
	GlobalSection(ProjectConfigurationPlatforms) = postSolution
		{50396308-F1AA-41A5-A871-916EA3865555}.Debug|Any CPU.ActiveCfg = Debug|Any CPU
		{50396308-F1AA-41A5-A871-916EA3865555}.Debug|Any CPU.Build.0 = Debug|Any CPU
		{50396308-F1AA-41A5-A871-916EA3865555}.Release|Any CPU.ActiveCfg = Release|Any CPU
		{50396308-F1AA-41A5-A871-916EA3865555}.Release|Any CPU.Build.0 = Release|Any CPU
	EndGlobalSection
	GlobalSection(SolutionProperties) = preSolution
		HideSolutionNode = FALSE
	EndGlobalSection
	GlobalSection(ExtensibilityGlobals) = postSolution
		SolutionGuid = {1EB178D4-2220-4BAE-976A-5C1DC67A53A6}
	EndGlobalSection
EndGlobal
