
Microsoft Visual Studio Solution File, Format Version 12.00
# Visual Studio Version 16
VisualStudioVersion = 16.0.29920.165
MinimumVisualStudioVersion = 10.0.40219.1
Project("{FAE04EC0-301F-11D3-BF4B-00C04F79EFBC}") = "zad 3.6b", "zad 3.6b\zad 3.6b.csproj", "{D44F37AF-7F0A-4B6F-98E9-ACA6823942FA}"
EndProject
Global
	GlobalSection(SolutionConfigurationPlatforms) = preSolution
		Debug|Any CPU = Debug|Any CPU
		Release|Any CPU = Release|Any CPU
	EndGlobalSection
	GlobalSection(ProjectConfigurationPlatforms) = postSolution
		{D44F37AF-7F0A-4B6F-98E9-ACA6823942FA}.Debug|Any CPU.ActiveCfg = Debug|Any CPU
		{D44F37AF-7F0A-4B6F-98E9-ACA6823942FA}.Debug|Any CPU.Build.0 = Debug|Any CPU
		{D44F37AF-7F0A-4B6F-98E9-ACA6823942FA}.Release|Any CPU.ActiveCfg = Release|Any CPU
		{D44F37AF-7F0A-4B6F-98E9-ACA6823942FA}.Release|Any CPU.Build.0 = Release|Any CPU
	EndGlobalSection
	GlobalSection(SolutionProperties) = preSolution
		HideSolutionNode = FALSE
	EndGlobalSection
	GlobalSection(ExtensibilityGlobals) = postSolution
		SolutionGuid = {6C167CD9-09BE-492E-AB1B-D4C30D18087A}
	EndGlobalSection
EndGlobal
