
Microsoft Visual Studio Solution File, Format Version 12.00
# Visual Studio Version 16
VisualStudioVersion = 16.0.29920.165
MinimumVisualStudioVersion = 10.0.40219.1
Project("{FAE04EC0-301F-11D3-BF4B-00C04F79EFBC}") = "zadanie 2.8", "zadanie 2.8.csproj", "{F1DADD4A-5A26-4521-9246-FD42181481C0}"
EndProject
Global
	GlobalSection(SolutionConfigurationPlatforms) = preSolution
		Debug|Any CPU = Debug|Any CPU
		Release|Any CPU = Release|Any CPU
	EndGlobalSection
	GlobalSection(ProjectConfigurationPlatforms) = postSolution
		{F1DADD4A-5A26-4521-9246-FD42181481C0}.Debug|Any CPU.ActiveCfg = Debug|Any CPU
		{F1DADD4A-5A26-4521-9246-FD42181481C0}.Debug|Any CPU.Build.0 = Debug|Any CPU
		{F1DADD4A-5A26-4521-9246-FD42181481C0}.Release|Any CPU.ActiveCfg = Release|Any CPU
		{F1DADD4A-5A26-4521-9246-FD42181481C0}.Release|Any CPU.Build.0 = Release|Any CPU
	EndGlobalSection
	GlobalSection(SolutionProperties) = preSolution
		HideSolutionNode = FALSE
	EndGlobalSection
	GlobalSection(ExtensibilityGlobals) = postSolution
		SolutionGuid = {CDB536FB-7727-48E1-927A-0C5CDAF6CC5E}
	EndGlobalSection
EndGlobal
