
Microsoft Visual Studio Solution File, Format Version 12.00
# Visual Studio Version 16
VisualStudioVersion = 16.0.29920.165
MinimumVisualStudioVersion = 10.0.40219.1
Project("{FAE04EC0-301F-11D3-BF4B-00C04F79EFBC}") = "zadanie2.3", "zadanie2.3.csproj", "{969E512D-B1FC-405B-801E-8AE97817A3B3}"
EndProject
Global
	GlobalSection(SolutionConfigurationPlatforms) = preSolution
		Debug|Any CPU = Debug|Any CPU
		Release|Any CPU = Release|Any CPU
	EndGlobalSection
	GlobalSection(ProjectConfigurationPlatforms) = postSolution
		{969E512D-B1FC-405B-801E-8AE97817A3B3}.Debug|Any CPU.ActiveCfg = Debug|Any CPU
		{969E512D-B1FC-405B-801E-8AE97817A3B3}.Debug|Any CPU.Build.0 = Debug|Any CPU
		{969E512D-B1FC-405B-801E-8AE97817A3B3}.Release|Any CPU.ActiveCfg = Release|Any CPU
		{969E512D-B1FC-405B-801E-8AE97817A3B3}.Release|Any CPU.Build.0 = Release|Any CPU
	EndGlobalSection
	GlobalSection(SolutionProperties) = preSolution
		HideSolutionNode = FALSE
	EndGlobalSection
	GlobalSection(ExtensibilityGlobals) = postSolution
		SolutionGuid = {7E7BD623-0A57-4129-803F-488FBFCD975B}
	EndGlobalSection
EndGlobal
