
Microsoft Visual Studio Solution File, Format Version 12.00
# Visual Studio Version 16
VisualStudioVersion = 16.0.29920.165
MinimumVisualStudioVersion = 10.0.40219.1
Project("{FAE04EC0-301F-11D3-BF4B-00C04F79EFBC}") = "zadanie 4.9", "zadanie 4.9.csproj", "{5406437B-C35D-40A2-A2A6-85CD34375470}"
EndProject
Global
	GlobalSection(SolutionConfigurationPlatforms) = preSolution
		Debug|Any CPU = Debug|Any CPU
		Release|Any CPU = Release|Any CPU
	EndGlobalSection
	GlobalSection(ProjectConfigurationPlatforms) = postSolution
		{5406437B-C35D-40A2-A2A6-85CD34375470}.Debug|Any CPU.ActiveCfg = Debug|Any CPU
		{5406437B-C35D-40A2-A2A6-85CD34375470}.Debug|Any CPU.Build.0 = Debug|Any CPU
		{5406437B-C35D-40A2-A2A6-85CD34375470}.Release|Any CPU.ActiveCfg = Release|Any CPU
		{5406437B-C35D-40A2-A2A6-85CD34375470}.Release|Any CPU.Build.0 = Release|Any CPU
	EndGlobalSection
	GlobalSection(SolutionProperties) = preSolution
		HideSolutionNode = FALSE
	EndGlobalSection
	GlobalSection(ExtensibilityGlobals) = postSolution
		SolutionGuid = {33AE55FD-A2D3-411E-9BCD-9BAF3398F4B7}
	EndGlobalSection
EndGlobal
