
Microsoft Visual Studio Solution File, Format Version 12.00
# Visual Studio Version 16
VisualStudioVersion = 16.0.29920.165
MinimumVisualStudioVersion = 10.0.40219.1
Project("{FAE04EC0-301F-11D3-BF4B-00C04F79EFBC}") = "zadanie 2.9d", "zadanie 2.9d.csproj", "{20C25115-1432-44EE-9EAC-632EB0397850}"
EndProject
Global
	GlobalSection(SolutionConfigurationPlatforms) = preSolution
		Debug|Any CPU = Debug|Any CPU
		Release|Any CPU = Release|Any CPU
	EndGlobalSection
	GlobalSection(ProjectConfigurationPlatforms) = postSolution
		{20C25115-1432-44EE-9EAC-632EB0397850}.Debug|Any CPU.ActiveCfg = Debug|Any CPU
		{20C25115-1432-44EE-9EAC-632EB0397850}.Debug|Any CPU.Build.0 = Debug|Any CPU
		{20C25115-1432-44EE-9EAC-632EB0397850}.Release|Any CPU.ActiveCfg = Release|Any CPU
		{20C25115-1432-44EE-9EAC-632EB0397850}.Release|Any CPU.Build.0 = Release|Any CPU
	EndGlobalSection
	GlobalSection(SolutionProperties) = preSolution
		HideSolutionNode = FALSE
	EndGlobalSection
	GlobalSection(ExtensibilityGlobals) = postSolution
		SolutionGuid = {BB4028F5-D490-4D32-BF6E-4C7CAA81BBB3}
	EndGlobalSection
EndGlobal
