
Microsoft Visual Studio Solution File, Format Version 12.00
# Visual Studio Version 16
VisualStudioVersion = 16.0.29920.165
MinimumVisualStudioVersion = 10.0.40219.1
Project("{FAE04EC0-301F-11D3-BF4B-00C04F79EFBC}") = "zad 3.6", "zad 3.6\zad 3.6.csproj", "{FA5F93EE-A944-40C0-86A3-D213E9575D64}"
EndProject
Global
	GlobalSection(SolutionConfigurationPlatforms) = preSolution
		Debug|Any CPU = Debug|Any CPU
		Release|Any CPU = Release|Any CPU
	EndGlobalSection
	GlobalSection(ProjectConfigurationPlatforms) = postSolution
		{FA5F93EE-A944-40C0-86A3-D213E9575D64}.Debug|Any CPU.ActiveCfg = Debug|Any CPU
		{FA5F93EE-A944-40C0-86A3-D213E9575D64}.Debug|Any CPU.Build.0 = Debug|Any CPU
		{FA5F93EE-A944-40C0-86A3-D213E9575D64}.Release|Any CPU.ActiveCfg = Release|Any CPU
		{FA5F93EE-A944-40C0-86A3-D213E9575D64}.Release|Any CPU.Build.0 = Release|Any CPU
	EndGlobalSection
	GlobalSection(SolutionProperties) = preSolution
		HideSolutionNode = FALSE
	EndGlobalSection
	GlobalSection(ExtensibilityGlobals) = postSolution
		SolutionGuid = {14880E8C-CCE3-4E4E-9C5A-7DCD1F95B9F5}
	EndGlobalSection
EndGlobal
