
Microsoft Visual Studio Solution File, Format Version 12.00
# Visual Studio Version 16
VisualStudioVersion = 16.0.29920.165
MinimumVisualStudioVersion = 10.0.40219.1
Project("{FAE04EC0-301F-11D3-BF4B-00C04F79EFBC}") = "zadanie2.9e", "zadanie2.9e.csproj", "{5B80088D-1EDA-4216-858C-68BF2F6D81BC}"
EndProject
Global
	GlobalSection(SolutionConfigurationPlatforms) = preSolution
		Debug|Any CPU = Debug|Any CPU
		Release|Any CPU = Release|Any CPU
	EndGlobalSection
	GlobalSection(ProjectConfigurationPlatforms) = postSolution
		{5B80088D-1EDA-4216-858C-68BF2F6D81BC}.Debug|Any CPU.ActiveCfg = Debug|Any CPU
		{5B80088D-1EDA-4216-858C-68BF2F6D81BC}.Debug|Any CPU.Build.0 = Debug|Any CPU
		{5B80088D-1EDA-4216-858C-68BF2F6D81BC}.Release|Any CPU.ActiveCfg = Release|Any CPU
		{5B80088D-1EDA-4216-858C-68BF2F6D81BC}.Release|Any CPU.Build.0 = Release|Any CPU
	EndGlobalSection
	GlobalSection(SolutionProperties) = preSolution
		HideSolutionNode = FALSE
	EndGlobalSection
	GlobalSection(ExtensibilityGlobals) = postSolution
		SolutionGuid = {79E744FF-15F8-495A-A2FF-2E365C805FFE}
	EndGlobalSection
EndGlobal
