
Microsoft Visual Studio Solution File, Format Version 12.00
# Visual Studio Version 16
VisualStudioVersion = 16.0.29920.165
MinimumVisualStudioVersion = 10.0.40219.1
Project("{FAE04EC0-301F-11D3-BF4B-00C04F79EFBC}") = "zadanie 4.4", "zadanie 4.4.csproj", "{96996B16-0495-44F5-B127-09741AA4C140}"
EndProject
Global
	GlobalSection(SolutionConfigurationPlatforms) = preSolution
		Debug|Any CPU = Debug|Any CPU
		Release|Any CPU = Release|Any CPU
	EndGlobalSection
	GlobalSection(ProjectConfigurationPlatforms) = postSolution
		{96996B16-0495-44F5-B127-09741AA4C140}.Debug|Any CPU.ActiveCfg = Debug|Any CPU
		{96996B16-0495-44F5-B127-09741AA4C140}.Debug|Any CPU.Build.0 = Debug|Any CPU
		{96996B16-0495-44F5-B127-09741AA4C140}.Release|Any CPU.ActiveCfg = Release|Any CPU
		{96996B16-0495-44F5-B127-09741AA4C140}.Release|Any CPU.Build.0 = Release|Any CPU
	EndGlobalSection
	GlobalSection(SolutionProperties) = preSolution
		HideSolutionNode = FALSE
	EndGlobalSection
	GlobalSection(ExtensibilityGlobals) = postSolution
		SolutionGuid = {ACC14337-07B6-4ABD-ADA3-A4EA02FC0702}
	EndGlobalSection
EndGlobal
