
Microsoft Visual Studio Solution File, Format Version 12.00
# Visual Studio Version 16
VisualStudioVersion = 16.0.29920.165
MinimumVisualStudioVersion = 10.0.40219.1
Project("{FAE04EC0-301F-11D3-BF4B-00C04F79EFBC}") = "zadanie 2.9b", "zadanie 2.9b.csproj", "{314026B1-F93B-452D-BC4E-0A901DF0BE12}"
EndProject
Global
	GlobalSection(SolutionConfigurationPlatforms) = preSolution
		Debug|Any CPU = Debug|Any CPU
		Release|Any CPU = Release|Any CPU
	EndGlobalSection
	GlobalSection(ProjectConfigurationPlatforms) = postSolution
		{314026B1-F93B-452D-BC4E-0A901DF0BE12}.Debug|Any CPU.ActiveCfg = Debug|Any CPU
		{314026B1-F93B-452D-BC4E-0A901DF0BE12}.Debug|Any CPU.Build.0 = Debug|Any CPU
		{314026B1-F93B-452D-BC4E-0A901DF0BE12}.Release|Any CPU.ActiveCfg = Release|Any CPU
		{314026B1-F93B-452D-BC4E-0A901DF0BE12}.Release|Any CPU.Build.0 = Release|Any CPU
	EndGlobalSection
	GlobalSection(SolutionProperties) = preSolution
		HideSolutionNode = FALSE
	EndGlobalSection
	GlobalSection(ExtensibilityGlobals) = postSolution
		SolutionGuid = {A5AC236C-F1F4-4074-8BA6-0EF77C123BF6}
	EndGlobalSection
EndGlobal
