
Microsoft Visual Studio Solution File, Format Version 12.00
# Visual Studio Version 16
VisualStudioVersion = 16.0.29920.165
MinimumVisualStudioVersion = 10.0.40219.1
Project("{FAE04EC0-301F-11D3-BF4B-00C04F79EFBC}") = "Obliczanie logarytmu", "Obliczanie logarytmu.csproj", "{8870C23E-0E47-4CAB-9D61-57F1148128F3}"
EndProject
Global
	GlobalSection(SolutionConfigurationPlatforms) = preSolution
		Debug|Any CPU = Debug|Any CPU
		Release|Any CPU = Release|Any CPU
	EndGlobalSection
	GlobalSection(ProjectConfigurationPlatforms) = postSolution
		{8870C23E-0E47-4CAB-9D61-57F1148128F3}.Debug|Any CPU.ActiveCfg = Debug|Any CPU
		{8870C23E-0E47-4CAB-9D61-57F1148128F3}.Debug|Any CPU.Build.0 = Debug|Any CPU
		{8870C23E-0E47-4CAB-9D61-57F1148128F3}.Release|Any CPU.ActiveCfg = Release|Any CPU
		{8870C23E-0E47-4CAB-9D61-57F1148128F3}.Release|Any CPU.Build.0 = Release|Any CPU
	EndGlobalSection
	GlobalSection(SolutionProperties) = preSolution
		HideSolutionNode = FALSE
	EndGlobalSection
	GlobalSection(ExtensibilityGlobals) = postSolution
		SolutionGuid = {E99A1027-8207-43A9-9E83-BC74742AB83D}
	EndGlobalSection
EndGlobal
