
Microsoft Visual Studio Solution File, Format Version 12.00
# Visual Studio Version 16
VisualStudioVersion = 16.0.29920.165
MinimumVisualStudioVersion = 10.0.40219.1
Project("{FAE04EC0-301F-11D3-BF4B-00C04F79EFBC}") = "rozw2", "rozw2.csproj", "{826FE28D-C107-4745-AB8F-66461A7FC78A}"
EndProject
Global
	GlobalSection(SolutionConfigurationPlatforms) = preSolution
		Debug|Any CPU = Debug|Any CPU
		Release|Any CPU = Release|Any CPU
	EndGlobalSection
	GlobalSection(ProjectConfigurationPlatforms) = postSolution
		{826FE28D-C107-4745-AB8F-66461A7FC78A}.Debug|Any CPU.ActiveCfg = Debug|Any CPU
		{826FE28D-C107-4745-AB8F-66461A7FC78A}.Debug|Any CPU.Build.0 = Debug|Any CPU
		{826FE28D-C107-4745-AB8F-66461A7FC78A}.Release|Any CPU.ActiveCfg = Release|Any CPU
		{826FE28D-C107-4745-AB8F-66461A7FC78A}.Release|Any CPU.Build.0 = Release|Any CPU
	EndGlobalSection
	GlobalSection(SolutionProperties) = preSolution
		HideSolutionNode = FALSE
	EndGlobalSection
	GlobalSection(ExtensibilityGlobals) = postSolution
		SolutionGuid = {E0E02178-F398-453B-8F01-A28B5B964A07}
	EndGlobalSection
EndGlobal
